
Microsoft Visual Studio Solution File, Format Version 12.00
# Visual Studio 14
VisualStudioVersion = 14.0.24720.0
MinimumVisualStudioVersion = 10.0.40219.1
Project("{8BC9CEB8-8B4A-11D0-8D11-00A0C91BC942}") = "DNSResponder", "DNSResponder\DNSResponder.vcxproj", "{3FF8D30C-1A8B-41E4-B810-2CBC53A445FE}"
EndProject
Global
	GlobalSection(SolutionConfigurationPlatforms) = preSolution
		Debug|x64 = Debug|x64
		Debug|x86 = Debug|x86
		Release|x64 = Release|x64
		Release|x86 = Release|x86
	EndGlobalSection
	GlobalSection(ProjectConfigurationPlatforms) = postSolution
		{3FF8D30C-1A8B-41E4-B810-2CBC53A445FE}.Debug|x64.ActiveCfg = Debug|x64
		{3FF8D30C-1A8B-41E4-B810-2CBC53A445FE}.Debug|x64.Build.0 = Debug|x64
		{3FF8D30C-1A8B-41E4-B810-2CBC53A445FE}.Debug|x86.ActiveCfg = Debug|Win32
		{3FF8D30C-1A8B-41E4-B810-2CBC53A445FE}.Debug|x86.Build.0 = Debug|Win32
		{3FF8D30C-1A8B-41E4-B810-2CBC53A445FE}.Release|x64.ActiveCfg = Release|x64
		{3FF8D30C-1A8B-41E4-B810-2CBC53A445FE}.Release|x64.Build.0 = Release|x64
		{3FF8D30C-1A8B-41E4-B810-2CBC53A445FE}.Release|x86.ActiveCfg = Release|Win32
		{3FF8D30C-1A8B-41E4-B810-2CBC53A445FE}.Release|x86.Build.0 = Release|Win32
	EndGlobalSection
	GlobalSection(SolutionProperties) = preSolution
		HideSolutionNode = FALSE
	EndGlobalSection
EndGlobal
